# This file is automatically @generated by Cargo.
# It is not intended for manual editing.
version = 3

[[package]]
name = "onelink"
version = "0.1.0"

[[package]]
name = "onelink_gatekeep"
version = "0.1.0"

[[package]]
name = "onelink_net"
version = "0.1.0"

[[package]]
name = "onelink_vfs"
version = "0.1.0"
